
Microsoft Visual Studio Solution File, Format Version 12.00
# Visual Studio Version 16
VisualStudioVersion = 16.0.31829.152
MinimumVisualStudioVersion = 10.0.40219.1
Project("{8BC9CEB8-8B4A-11D0-8D11-00A0C91BC942}") = "ResampleWave", "ResampleWave\ResampleWave.vcxproj", "{A7384F3A-9F4B-42F7-A27F-C0E8AF1078E0}"
EndProject
Global
	GlobalSection(SolutionConfigurationPlatforms) = preSolution
		Debug|x64 = Debug|x64
		Debug|x86 = Debug|x86
		Release|x64 = Release|x64
		Release|x86 = Release|x86
	EndGlobalSection
	GlobalSection(ProjectConfigurationPlatforms) = postSolution
		{A7384F3A-9F4B-42F7-A27F-C0E8AF1078E0}.Debug|x64.ActiveCfg = Debug|x64
		{A7384F3A-9F4B-42F7-A27F-C0E8AF1078E0}.Debug|x64.Build.0 = Debug|x64
		{A7384F3A-9F4B-42F7-A27F-C0E8AF1078E0}.Debug|x86.ActiveCfg = Debug|Win32
		{A7384F3A-9F4B-42F7-A27F-C0E8AF1078E0}.Debug|x86.Build.0 = Debug|Win32
		{A7384F3A-9F4B-42F7-A27F-C0E8AF1078E0}.Release|x64.ActiveCfg = Release|x64
		{A7384F3A-9F4B-42F7-A27F-C0E8AF1078E0}.Release|x64.Build.0 = Release|x64
		{A7384F3A-9F4B-42F7-A27F-C0E8AF1078E0}.Release|x86.ActiveCfg = Release|Win32
		{A7384F3A-9F4B-42F7-A27F-C0E8AF1078E0}.Release|x86.Build.0 = Release|Win32
	EndGlobalSection
	GlobalSection(SolutionProperties) = preSolution
		HideSolutionNode = FALSE
	EndGlobalSection
	GlobalSection(ExtensibilityGlobals) = postSolution
		SolutionGuid = {3FC0DC17-CE95-42D4-892C-8F0EED4187F9}
	EndGlobalSection
EndGlobal
